
Microsoft Visual Studio Solution File, Format Version 12.00
# Visual Studio Version 17
VisualStudioVersion = 17.2.32616.157
MinimumVisualStudioVersion = 10.0.40219.1
Project("{FAE04EC0-301F-11D3-BF4B-00C04F79EFBC}") = "ImageExtractor", "ImageExtractor.csproj", "{B9D669F7-ABF7-413B-AF61-ADC39943F6E8}"
EndProject
Global
	GlobalSection(SolutionConfigurationPlatforms) = preSolution
		Debug|Any CPU = Debug|Any CPU
		Release|Any CPU = Release|Any CPU
	EndGlobalSection
	GlobalSection(ProjectConfigurationPlatforms) = postSolution
		{B9D669F7-ABF7-413B-AF61-ADC39943F6E8}.Debug|Any CPU.ActiveCfg = Debug|Any CPU
		{B9D669F7-ABF7-413B-AF61-ADC39943F6E8}.Debug|Any CPU.Build.0 = Debug|Any CPU
		{B9D669F7-ABF7-413B-AF61-ADC39943F6E8}.Release|Any CPU.ActiveCfg = Release|Any CPU
		{B9D669F7-ABF7-413B-AF61-ADC39943F6E8}.Release|Any CPU.Build.0 = Release|Any CPU
	EndGlobalSection
	GlobalSection(SolutionProperties) = preSolution
		HideSolutionNode = FALSE
	EndGlobalSection
	GlobalSection(ExtensibilityGlobals) = postSolution
		SolutionGuid = {1704C067-1FF9-487D-BD10-307997C2DF25}
	EndGlobalSection
EndGlobal
